{
  "version": 4,
  "terraform_version": "0.12.28",
  "serial": 319,
  "lineage": "6a956488-b893-8604-f43f-4eb555e38764",
  "outputs": {},
  "resources": [
    {
      "mode": "managed",
      "type": "aws_db_option_group",
      "name": "main",
      "provider": "provider.aws",
      "instances": [
        {
          "schema_version": 0,
          "attributes": {
            "arn": "arn:aws:rds:us-east-1:848738341109:og:main",
            "engine_name": "mysql",
            "id": "main",
            "major_engine_version": "5.7",
            "name": "main",
            "name_prefix": null,
            "option": [
              {
                "db_security_group_memberships": [],
                "option_name": "MARIADB_AUDIT_PLUGIN",
                "option_settings": [],
                "port": 0,
                "version": "",
                "vpc_security_group_memberships": []
              }
            ],
            "option_group_description": "Managed by Terraform",
            "tags": {},
            "timeouts": null
          }
        }
      ]
    }
  ]
}
